
Microsoft Visual Studio Solution File, Format Version 12.00
# Visual Studio 14
VisualStudioVersion = 14.0.25420.1
MinimumVisualStudioVersion = 10.0.40219.1
Project("{2150E333-8FDC-42A3-9474-1A3956D46DE8}") = "01 Framework", "01 Framework", "{9070C8D7-C7EE-4020-AF89-A28DBB8C436D}"
EndProject
Project("{2150E333-8FDC-42A3-9474-1A3956D46DE8}") = "02 Domain", "02 Domain", "{ABA8DDC1-9BDA-47ED-AF9E-A21C4C29A7A9}"
EndProject
Project("{2150E333-8FDC-42A3-9474-1A3956D46DE8}") = "03 Core", "03 Core", "{AE894888-429F-4BD6-AB77-F02CBC752252}"
EndProject
Project("{2150E333-8FDC-42A3-9474-1A3956D46DE8}") = "04 Presentation", "04 Presentation", "{F13BFD47-3634-4144-9271-99FD6AE6CE49}"
EndProject
Project("{2150E333-8FDC-42A3-9474-1A3956D46DE8}") = "EF", "EF", "{6E3CF853-CBE6-4EE6-9B3F-6990FF7C5C9E}"
EndProject
Project("{FAE04EC0-301F-11D3-BF4B-00C04F79EFBC}") = "Quick.Framework.Tool", "Quick.Framework.Tool\Quick.Framework.Tool.csproj", "{8F0BBB3D-8AE6-4919-8CF1-8A78BE287C8C}"
EndProject
Project("{FAE04EC0-301F-11D3-BF4B-00C04F79EFBC}") = "Quick.Framework.EFData", "Quick.Framework.EFData\Quick.Framework.EFData.csproj", "{D17B7313-8EC5-41FB-927E-AA6180B946EA}"
EndProject
Project("{FAE04EC0-301F-11D3-BF4B-00C04F79EFBC}") = "Quick.Framework.Common", "Quick.Framework.Common\Quick.Framework.Common.csproj", "{6A61DE4F-5738-4CAD-84BF-49923D92862A}"
EndProject
Project("{FAE04EC0-301F-11D3-BF4B-00C04F79EFBC}") = "Quick.Framework.Logging", "Quick.Framework.Logging\Quick.Framework.Logging.csproj", "{53022DC9-CC81-473B-88A2-4AE0A14BB1F3}"
EndProject
Project("{FAE04EC0-301F-11D3-BF4B-00C04F79EFBC}") = "Quick.Framework.Mail", "Quick.Framework.Mail\Quick.Framework.Mail.csproj", "{BA2D0F8B-BBD1-4FE6-8BC8-0FE6FDEC958E}"
EndProject
Project("{FAE04EC0-301F-11D3-BF4B-00C04F79EFBC}") = "Ecomm.Domain.Data", "Ecomm.Domain.Data\Ecomm.Domain.Data.csproj", "{7F9E8B29-B48D-4956-A28D-CC2BCE34DEAD}"
EndProject
Project("{FAE04EC0-301F-11D3-BF4B-00C04F79EFBC}") = "Ecomm.Domain.Models", "Ecomm.Domain.Models\Ecomm.Domain.Models.csproj", "{EC894737-865B-4994-863B-679BED7DC5E0}"
EndProject
Project("{FAE04EC0-301F-11D3-BF4B-00C04F79EFBC}") = "Ecomm.Core.Repository", "Ecomm.Core.Repository\Ecomm.Core.Repository.csproj", "{D4D6AD8C-EB83-46C8-AD3B-756C945A98F0}"
EndProject
Project("{FAE04EC0-301F-11D3-BF4B-00C04F79EFBC}") = "Ecomm.Core.Service", "Ecomm.Core.Service\Ecomm.Core.Service.csproj", "{3D8451FE-30E8-48C8-9C8A-5756D392E640}"
EndProject
Project("{FAE04EC0-301F-11D3-BF4B-00C04F79EFBC}") = "Quick.Site.Common", "Quick.Site.Common\Quick.Site.Common.csproj", "{9A72F17F-3008-458F-A764-59C986639B8E}"
EndProject
Project("{FAE04EC0-301F-11D3-BF4B-00C04F79EFBC}") = "Ecomm.Site.ApiModels", "Ecomm.Site.ApiModels\Ecomm.Site.ApiModels.csproj", "{AE5BBC34-6059-4E6F-93FD-9D2E8C1BF10D}"
EndProject
Project("{FAE04EC0-301F-11D3-BF4B-00C04F79EFBC}") = "Ecomm.Site.Models", "Ecomm.Site.Models\Ecomm.Site.Models.csproj", "{0015A473-2263-4E45-B86A-BD0A626738AB}"
EndProject
Project("{FAE04EC0-301F-11D3-BF4B-00C04F79EFBC}") = "Ecomm.Site.WebApp", "Ecomm.Site.WebApp\Ecomm.Site.WebApp.csproj", "{B31F2DBD-417C-4633-8F2F-741B48BA3D15}"
EndProject
Project("{2150E333-8FDC-42A3-9474-1A3956D46DE8}") = "05 T4", "05 T4", "{F11C4BAD-1F99-4D90-BA82-B614744E4061}"
EndProject
Global
	GlobalSection(SolutionConfigurationPlatforms) = preSolution
		Debug|Any CPU = Debug|Any CPU
		Release|Any CPU = Release|Any CPU
	EndGlobalSection
	GlobalSection(ProjectConfigurationPlatforms) = postSolution
		{8F0BBB3D-8AE6-4919-8CF1-8A78BE287C8C}.Debug|Any CPU.ActiveCfg = Debug|Any CPU
		{8F0BBB3D-8AE6-4919-8CF1-8A78BE287C8C}.Debug|Any CPU.Build.0 = Debug|Any CPU
		{8F0BBB3D-8AE6-4919-8CF1-8A78BE287C8C}.Release|Any CPU.ActiveCfg = Release|Any CPU
		{8F0BBB3D-8AE6-4919-8CF1-8A78BE287C8C}.Release|Any CPU.Build.0 = Release|Any CPU
		{D17B7313-8EC5-41FB-927E-AA6180B946EA}.Debug|Any CPU.ActiveCfg = Debug|Any CPU
		{D17B7313-8EC5-41FB-927E-AA6180B946EA}.Debug|Any CPU.Build.0 = Debug|Any CPU
		{D17B7313-8EC5-41FB-927E-AA6180B946EA}.Release|Any CPU.ActiveCfg = Release|Any CPU
		{D17B7313-8EC5-41FB-927E-AA6180B946EA}.Release|Any CPU.Build.0 = Release|Any CPU
		{6A61DE4F-5738-4CAD-84BF-49923D92862A}.Debug|Any CPU.ActiveCfg = Debug|Any CPU
		{6A61DE4F-5738-4CAD-84BF-49923D92862A}.Debug|Any CPU.Build.0 = Debug|Any CPU
		{6A61DE4F-5738-4CAD-84BF-49923D92862A}.Release|Any CPU.ActiveCfg = Release|Any CPU
		{6A61DE4F-5738-4CAD-84BF-49923D92862A}.Release|Any CPU.Build.0 = Release|Any CPU
		{53022DC9-CC81-473B-88A2-4AE0A14BB1F3}.Debug|Any CPU.ActiveCfg = Debug|Any CPU
		{53022DC9-CC81-473B-88A2-4AE0A14BB1F3}.Debug|Any CPU.Build.0 = Debug|Any CPU
		{53022DC9-CC81-473B-88A2-4AE0A14BB1F3}.Release|Any CPU.ActiveCfg = Release|Any CPU
		{53022DC9-CC81-473B-88A2-4AE0A14BB1F3}.Release|Any CPU.Build.0 = Release|Any CPU
		{BA2D0F8B-BBD1-4FE6-8BC8-0FE6FDEC958E}.Debug|Any CPU.ActiveCfg = Debug|Any CPU
		{BA2D0F8B-BBD1-4FE6-8BC8-0FE6FDEC958E}.Debug|Any CPU.Build.0 = Debug|Any CPU
		{BA2D0F8B-BBD1-4FE6-8BC8-0FE6FDEC958E}.Release|Any CPU.ActiveCfg = Release|Any CPU
		{BA2D0F8B-BBD1-4FE6-8BC8-0FE6FDEC958E}.Release|Any CPU.Build.0 = Release|Any CPU
		{7F9E8B29-B48D-4956-A28D-CC2BCE34DEAD}.Debug|Any CPU.ActiveCfg = Debug|Any CPU
		{7F9E8B29-B48D-4956-A28D-CC2BCE34DEAD}.Debug|Any CPU.Build.0 = Debug|Any CPU
		{7F9E8B29-B48D-4956-A28D-CC2BCE34DEAD}.Release|Any CPU.ActiveCfg = Release|Any CPU
		{7F9E8B29-B48D-4956-A28D-CC2BCE34DEAD}.Release|Any CPU.Build.0 = Release|Any CPU
		{EC894737-865B-4994-863B-679BED7DC5E0}.Debug|Any CPU.ActiveCfg = Debug|Any CPU
		{EC894737-865B-4994-863B-679BED7DC5E0}.Debug|Any CPU.Build.0 = Debug|Any CPU
		{EC894737-865B-4994-863B-679BED7DC5E0}.Release|Any CPU.ActiveCfg = Release|Any CPU
		{EC894737-865B-4994-863B-679BED7DC5E0}.Release|Any CPU.Build.0 = Release|Any CPU
		{D4D6AD8C-EB83-46C8-AD3B-756C945A98F0}.Debug|Any CPU.ActiveCfg = Debug|Any CPU
		{D4D6AD8C-EB83-46C8-AD3B-756C945A98F0}.Debug|Any CPU.Build.0 = Debug|Any CPU
		{D4D6AD8C-EB83-46C8-AD3B-756C945A98F0}.Release|Any CPU.ActiveCfg = Release|Any CPU
		{D4D6AD8C-EB83-46C8-AD3B-756C945A98F0}.Release|Any CPU.Build.0 = Release|Any CPU
		{3D8451FE-30E8-48C8-9C8A-5756D392E640}.Debug|Any CPU.ActiveCfg = Debug|Any CPU
		{3D8451FE-30E8-48C8-9C8A-5756D392E640}.Debug|Any CPU.Build.0 = Debug|Any CPU
		{3D8451FE-30E8-48C8-9C8A-5756D392E640}.Release|Any CPU.ActiveCfg = Release|Any CPU
		{3D8451FE-30E8-48C8-9C8A-5756D392E640}.Release|Any CPU.Build.0 = Release|Any CPU
		{9A72F17F-3008-458F-A764-59C986639B8E}.Debug|Any CPU.ActiveCfg = Debug|Any CPU
		{9A72F17F-3008-458F-A764-59C986639B8E}.Debug|Any CPU.Build.0 = Debug|Any CPU
		{9A72F17F-3008-458F-A764-59C986639B8E}.Release|Any CPU.ActiveCfg = Release|Any CPU
		{9A72F17F-3008-458F-A764-59C986639B8E}.Release|Any CPU.Build.0 = Release|Any CPU
		{AE5BBC34-6059-4E6F-93FD-9D2E8C1BF10D}.Debug|Any CPU.ActiveCfg = Debug|Any CPU
		{AE5BBC34-6059-4E6F-93FD-9D2E8C1BF10D}.Debug|Any CPU.Build.0 = Debug|Any CPU
		{AE5BBC34-6059-4E6F-93FD-9D2E8C1BF10D}.Release|Any CPU.ActiveCfg = Release|Any CPU
		{AE5BBC34-6059-4E6F-93FD-9D2E8C1BF10D}.Release|Any CPU.Build.0 = Release|Any CPU
		{0015A473-2263-4E45-B86A-BD0A626738AB}.Debug|Any CPU.ActiveCfg = Debug|Any CPU
		{0015A473-2263-4E45-B86A-BD0A626738AB}.Debug|Any CPU.Build.0 = Debug|Any CPU
		{0015A473-2263-4E45-B86A-BD0A626738AB}.Release|Any CPU.ActiveCfg = Release|Any CPU
		{0015A473-2263-4E45-B86A-BD0A626738AB}.Release|Any CPU.Build.0 = Release|Any CPU
		{B31F2DBD-417C-4633-8F2F-741B48BA3D15}.Debug|Any CPU.ActiveCfg = Debug|Any CPU
		{B31F2DBD-417C-4633-8F2F-741B48BA3D15}.Debug|Any CPU.Build.0 = Debug|Any CPU
		{B31F2DBD-417C-4633-8F2F-741B48BA3D15}.Release|Any CPU.ActiveCfg = Release|Any CPU
		{B31F2DBD-417C-4633-8F2F-741B48BA3D15}.Release|Any CPU.Build.0 = Release|Any CPU
	EndGlobalSection
	GlobalSection(SolutionProperties) = preSolution
		HideSolutionNode = FALSE
	EndGlobalSection
	GlobalSection(NestedProjects) = preSolution
		{6E3CF853-CBE6-4EE6-9B3F-6990FF7C5C9E} = {9070C8D7-C7EE-4020-AF89-A28DBB8C436D}
		{8F0BBB3D-8AE6-4919-8CF1-8A78BE287C8C} = {6E3CF853-CBE6-4EE6-9B3F-6990FF7C5C9E}
		{D17B7313-8EC5-41FB-927E-AA6180B946EA} = {6E3CF853-CBE6-4EE6-9B3F-6990FF7C5C9E}
		{6A61DE4F-5738-4CAD-84BF-49923D92862A} = {9070C8D7-C7EE-4020-AF89-A28DBB8C436D}
		{53022DC9-CC81-473B-88A2-4AE0A14BB1F3} = {9070C8D7-C7EE-4020-AF89-A28DBB8C436D}
		{BA2D0F8B-BBD1-4FE6-8BC8-0FE6FDEC958E} = {9070C8D7-C7EE-4020-AF89-A28DBB8C436D}
		{7F9E8B29-B48D-4956-A28D-CC2BCE34DEAD} = {ABA8DDC1-9BDA-47ED-AF9E-A21C4C29A7A9}
		{EC894737-865B-4994-863B-679BED7DC5E0} = {ABA8DDC1-9BDA-47ED-AF9E-A21C4C29A7A9}
		{D4D6AD8C-EB83-46C8-AD3B-756C945A98F0} = {AE894888-429F-4BD6-AB77-F02CBC752252}
		{3D8451FE-30E8-48C8-9C8A-5756D392E640} = {AE894888-429F-4BD6-AB77-F02CBC752252}
		{9A72F17F-3008-458F-A764-59C986639B8E} = {F13BFD47-3634-4144-9271-99FD6AE6CE49}
		{AE5BBC34-6059-4E6F-93FD-9D2E8C1BF10D} = {F13BFD47-3634-4144-9271-99FD6AE6CE49}
		{0015A473-2263-4E45-B86A-BD0A626738AB} = {F13BFD47-3634-4144-9271-99FD6AE6CE49}
		{B31F2DBD-417C-4633-8F2F-741B48BA3D15} = {F13BFD47-3634-4144-9271-99FD6AE6CE49}
	EndGlobalSection
EndGlobal
